
Microsoft Visual Studio Solution File, Format Version 12.00
# Visual Studio 14
VisualStudioVersion = 14.0.25123.0
MinimumVisualStudioVersion = 10.0.40219.1
Project("{FAE04EC0-301F-11D3-BF4B-00C04F79EFBC}") = "MovieInventoryApp", "MovieInventoryApp\MovieInventoryApp.csproj", "{07DAB8E4-9791-41FA-B54B-ADB94351E950}"
EndProject
Project("{FAE04EC0-301F-11D3-BF4B-00C04F79EFBC}") = "UnitTestProject1", "UnitTestProject1\UnitTestProject1.csproj", "{7C824E5C-E35C-40DE-AF29-70D86C5D4662}"
EndProject
Global
	GlobalSection(SolutionConfigurationPlatforms) = preSolution
		Debug|Any CPU = Debug|Any CPU
		Release|Any CPU = Release|Any CPU
	EndGlobalSection
	GlobalSection(ProjectConfigurationPlatforms) = postSolution
		{07DAB8E4-9791-41FA-B54B-ADB94351E950}.Debug|Any CPU.ActiveCfg = Debug|Any CPU
		{07DAB8E4-9791-41FA-B54B-ADB94351E950}.Debug|Any CPU.Build.0 = Debug|Any CPU
		{07DAB8E4-9791-41FA-B54B-ADB94351E950}.Release|Any CPU.ActiveCfg = Release|Any CPU
		{07DAB8E4-9791-41FA-B54B-ADB94351E950}.Release|Any CPU.Build.0 = Release|Any CPU
		{7C824E5C-E35C-40DE-AF29-70D86C5D4662}.Debug|Any CPU.ActiveCfg = Debug|Any CPU
		{7C824E5C-E35C-40DE-AF29-70D86C5D4662}.Debug|Any CPU.Build.0 = Debug|Any CPU
		{7C824E5C-E35C-40DE-AF29-70D86C5D4662}.Release|Any CPU.ActiveCfg = Release|Any CPU
		{7C824E5C-E35C-40DE-AF29-70D86C5D4662}.Release|Any CPU.Build.0 = Release|Any CPU
	EndGlobalSection
	GlobalSection(SolutionProperties) = preSolution
		HideSolutionNode = FALSE
	EndGlobalSection
EndGlobal
